// !$*UTF8*$!
{
	archiveVersion = 1;
	classes = {
	};
	objectVersion = 46;
	objects = {

/* Begin PBXBuildFile section */
		CAE027E1196D9A6E004335A7 /* AppDelegate.swift in Sources */ = {isa = PBXBuildFile; fileRef = CAE027E0196D9A6E004335A7 /* AppDelegate.swift */; };
		CAE027E3196D9A6E004335A7 /* ViewController.swift in Sources */ = {isa = PBXBuildFile; fileRef = CAE027E2196D9A6E004335A7 /* ViewController.swift */; };
		CAE027E6196D9A6E004335A7 /* Main.storyboard in Resources */ = {isa = PBXBuildFile; fileRef = CAE027E4196D9A6E004335A7 /* Main.storyboard */; };
		CAE027E8196D9A6E004335A7 /* Images.xcassets in Resources */ = {isa = PBXBuildFile; fileRef = CAE027E7196D9A6E004335A7 /* Images.xcassets */; };
/* End PBXBuildFile section */

/* Begin PBXFileReference section */
		CAE027DB196D9A6E004335A7 /* deeplinkTester.app */ = {isa = PBXFileReference; explicitFileType = wrapper.application; includeInIndex = 0; path = deeplinkTester.app; sourceTree = BUILT_PRODUCTS_DIR; };
		CAE027DF196D9A6E004335A7 /* Info.plist */ = {isa = PBXFileReference; lastKnownFileType = text.plist.xml; path = Info.plist; sourceTree = "<group>"; };
		CAE027E0196D9A6E004335A7 /* AppDelegate.swift */ = {isa = PBXFileReference; lastKnownFileType = sourcecode.swift; path = AppDelegate.swift; sourceTree = "<group>"; };
		CAE027E2196D9A6E004335A7 /* ViewController.swift */ = {isa = PBXFileReference; lastKnownFileType = sourcecode.swift; path = ViewController.swift; sourceTree = "<group>"; };
		CAE027E5196D9A6E004335A7 /* Base */ = {isa = PBXFileReference; lastKnownFileType = file.storyboard; name = Base; path = Base.lproj/Main.storyboard; sourceTree = "<group>"; };
		CAE027E7196D9A6E004335A7 /* Images.xcassets */ = {isa = PBXFileReference; lastKnownFileType = folder.assetcatalog; path = Images.xcassets; sourceTree = "<group>"; };
/* End PBXFileReference section */

/* Begin PBXFrameworksBuildPhase section */
		CAE027D8196D9A6E004335A7 /* Frameworks */ = {
			isa = PBXFrameworksBuildPhase;
			buildActionMask = 2147483647;
			files = (
			);
			runOnlyForDeploymentPostprocessing = 0;
		};
/* End PBXFrameworksBuildPhase section */

/* Begin PBXGroup section */
		CAE027D2196D9A6E004335A7 = {
			isa = PBXGroup;
			children = (
				CAE027DD196D9A6E004335A7 /* deeplinkTester */,
				CAE027DC196D9A6E004335A7 /* Products */,
			);
			sourceTree = "<group>";
		};
		CAE027DC196D9A6E004335A7 /* Products */ = {
			isa = PBXGroup;
			children = (
				CAE027DB196D9A6E004335A7 /* deeplinkTester.app */,
			);
			name = Products;
			sourceTree = "<group>";
		};
		CAE027DD196D9A6E004335A7 /* deeplinkTester */ = {
			isa = PBXGroup;
			children = (
				CAE027E0196D9A6E004335A7 /* AppDelegate.swift */,
				CAE027E2196D9A6E004335A7 /* ViewController.swift */,
				CAE027E4196D9A6E004335A7 /* Main.storyboard */,
				CAE027E7196D9A6E004335A7 /* Images.xcassets */,
				CAE027DE196D9A6E004335A7 /* Supporting Files */,
			);
			path = deeplinkTester;
			sourceTree = "<group>";
		};
		CAE027DE196D9A6E004335A7 /* Supporting Files */ = {
			isa = PBXGroup;
			children = (
				CAE027DF196D9A6E004335A7 /* Info.plist */,
			);
			name = "Supporting Files";
			sourceTree = "<group>";
		};
/* End PBXGroup section */

/* Begin PBXNativeTarget section */
		CAE027DA196D9A6E004335A7 /* deeplinkTester */ = {
			isa = PBXNativeTarget;
			buildConfigurationList = CAE027F7196D9A6E004335A7 /* Build configuration list for PBXNativeTarget "deeplinkTester" */;
			buildPhases = (
				CAE027D7196D9A6E004335A7 /* Sources */,
				CAE027D8196D9A6E004335A7 /* Frameworks */,
				CAE027D9196D9A6E004335A7 /* Resources */,
			);
			buildRules = (
			);
			dependencies = (
			);
			name = deeplinkTester;
			productName = deeplinkTester;
			productReference = CAE027DB196D9A6E004335A7 /* deeplinkTester.app */;
			productType = "com.apple.product-type.application";
		};
/* End PBXNativeTarget section */

/* Begin PBXProject section */
		CAE027D3196D9A6E004335A7 /* Project object */ = {
			isa = PBXProject;
			attributes = {
				LastUpgradeCheck = 0600;
				ORGANIZATIONNAME = Criteo;
				TargetAttributes = {
					CAE027DA196D9A6E004335A7 = {
						CreatedOnToolsVersion = 6.0;
						DevelopmentTeam = S655EV5659;
						SystemCapabilities = {
							com.apple.BackgroundModes = {
								enabled = 0;
							};
						};
					};
				};
			};
			buildConfigurationList = CAE027D6196D9A6E004335A7 /* Build configuration list for PBXProject "deeplinkTester" */;
			compatibilityVersion = "Xcode 3.2";
			developmentRegion = English;
			hasScannedForEncodings = 0;
			knownRegions = (
				en,
				Base,
			);
			mainGroup = CAE027D2196D9A6E004335A7;
			productRefGroup = CAE027DC196D9A6E004335A7 /* Products */;
			projectDirPath = "";
			projectRoot = "";
			targets = (
				CAE027DA196D9A6E004335A7 /* deeplinkTester */,
			);
		};
/* End PBXProject section */

/* Begin PBXResourcesBuildPhase section */
		CAE027D9196D9A6E004335A7 /* Resources */ = {
			isa = PBXResourcesBuildPhase;
			buildActionMask = 2147483647;
			files = (
				CAE027E6196D9A6E004335A7 /* Main.storyboard in Resources */,
				CAE027E8196D9A6E004335A7 /* Images.xcassets in Resources */,
			);
			runOnlyForDeploymentPostprocessing = 0;
		};
/* End PBXResourcesBuildPhase section */

/* Begin PBXSourcesBuildPhase section */
		CAE027D7196D9A6E004335A7 /* Sources */ = {
			isa = PBXSourcesBuildPhase;
			buildActionMask = 2147483647;
			files = (
				CAE027E3196D9A6E004335A7 /* ViewController.swift in Sources */,
				CAE027E1196D9A6E004335A7 /* AppDelegate.swift in Sources */,
			);
			runOnlyForDeploymentPostprocessing = 0;
		};
/* End PBXSourcesBuildPhase section */

/* Begin PBXVariantGroup section */
		CAE027E4196D9A6E004335A7 /* Main.storyboard */ = {
			isa = PBXVariantGroup;
			children = (
				CAE027E5196D9A6E004335A7 /* Base */,
			);
			name = Main.storyboard;
			sourceTree = "<group>";
		};
/* End PBXVariantGroup section */

/* Begin XCBuildConfiguration section */
		CAE027F5196D9A6E004335A7 /* Debug */ = {
			isa = XCBuildConfiguration;
			buildSettings = {
				ALWAYS_SEARCH_USER_PATHS = NO;
				CLANG_CXX_LANGUAGE_STANDARD = "gnu++0x";
				CLANG_CXX_LIBRARY = "libc++";
				CLANG_ENABLE_MODULES = YES;
				CLANG_ENABLE_OBJC_ARC = YES;
				CLANG_WARN_BOOL_CONVERSION = YES;
				CLANG_WARN_CONSTANT_CONVERSION = YES;
				CLANG_WARN_DIRECT_OBJC_ISA_USAGE = YES_ERROR;
				CLANG_WARN_EMPTY_BODY = YES;
				CLANG_WARN_ENUM_CONVERSION = YES;
				CLANG_WARN_INT_CONVERSION = YES;
				CLANG_WARN_OBJC_ROOT_CLASS = YES_ERROR;
				CLANG_WARN_UNREACHABLE_CODE = YES;
				CLANG_WARN__DUPLICATE_METHOD_MATCH = YES;
				"CODE_SIGN_IDENTITY[sdk=iphoneos*]" = "iPhone Developer";
				COPY_PHASE_STRIP = NO;
				ENABLE_STRICT_OBJC_MSGSEND = YES;
				GCC_C_LANGUAGE_STANDARD = gnu99;
				GCC_DYNAMIC_NO_PIC = NO;
				GCC_OPTIMIZATION_LEVEL = 0;
				GCC_PREPROCESSOR_DEFINITIONS = (
					"DEBUG=1",
					"$(inherited)",
				);
				GCC_SYMBOLS_PRIVATE_EXTERN = NO;
				GCC_WARN_64_TO_32_BIT_CONVERSION = YES;
				GCC_WARN_ABOUT_RETURN_TYPE = YES_ERROR;
				GCC_WARN_UNDECLARED_SELECTOR = YES;
				GCC_WARN_UNINITIALIZED_AUTOS = YES_AGGRESSIVE;
				GCC_WARN_UNUSED_FUNCTION = YES;
				GCC_WARN_UNUSED_VARIABLE = YES;
				IPHONEOS_DEPLOYMENT_TARGET = 6.0;
				METAL_ENABLE_DEBUG_INFO = YES;
				ONLY_ACTIVE_ARCH = YES;
				SDKROOT = iphoneos;
				SWIFT_OPTIMIZATION_LEVEL = "-Onone";
				TARGETED_DEVICE_FAMILY = "1,2";
			};
			name = Debug;
		};
		CAE027F6196D9A6E004335A7 /* Release */ = {
			isa = XCBuildConfiguration;
			buildSettings = {
				ALWAYS_SEARCH_USER_PATHS = NO;
				CLANG_CXX_LANGUAGE_STANDARD = "gnu++0x";
				CLANG_CXX_LIBRARY = "libc++";
				CLANG_ENABLE_MODULES = YES;
				CLANG_ENABLE_OBJC_ARC = YES;
				CLANG_WARN_BOOL_CONVERSION = YES;
				CLANG_WARN_CONSTANT_CONVERSION = YES;
				CLANG_WARN_DIRECT_OBJC_ISA_USAGE = YES_ERROR;
				CLANG_WARN_EMPTY_BODY = YES;
				CLANG_WARN_ENUM_CONVERSION = YES;
				CLANG_WARN_INT_CONVERSION = YES;
				CLANG_WARN_OBJC_ROOT_CLASS = YES_ERROR;
				CLANG_WARN_UNREACHABLE_CODE = YES;
				CLANG_WARN__DUPLICATE_METHOD_MATCH = YES;
				"CODE_SIGN_IDENTITY[sdk=iphoneos*]" = "iPhone Developer";
				COPY_PHASE_STRIP = YES;
				ENABLE_NS_ASSERTIONS = NO;
				ENABLE_STRICT_OBJC_MSGSEND = YES;
				GCC_C_LANGUAGE_STANDARD = gnu99;
				GCC_WARN_64_TO_32_BIT_CONVERSION = YES;
				GCC_WARN_ABOUT_RETURN_TYPE = YES_ERROR;
				GCC_WARN_UNDECLARED_SELECTOR = YES;
				GCC_WARN_UNINITIALIZED_AUTOS = YES_AGGRESSIVE;
				GCC_WARN_UNUSED_FUNCTION = YES;
				GCC_WARN_UNUSED_VARIABLE = YES;
				IPHONEOS_DEPLOYMENT_TARGET = 6.0;
				METAL_ENABLE_DEBUG_INFO = NO;
				SDKROOT = iphoneos;
				TARGETED_DEVICE_FAMILY = "1,2";
				VALIDATE_PRODUCT = YES;
			};
			name = Release;
		};
		CAE027F8196D9A6E004335A7 /* Debug */ = {
			isa = XCBuildConfiguration;
			buildSettings = {
				ASSETCATALOG_COMPILER_APPICON_NAME = AppIcon;
				ASSETCATALOG_COMPILER_LAUNCHIMAGE_NAME = LaunchImage;
				CODE_SIGN_IDENTITY = "iPhone Developer";
				INFOPLIST_FILE = deeplinkTester/Info.plist;
				LD_RUNPATH_SEARCH_PATHS = "$(inherited) @executable_path/Frameworks";
				PRODUCT_NAME = "$(TARGET_NAME)";
			};
			name = Debug;
		};
		CAE027F9196D9A6E004335A7 /* Release */ = {
			isa = XCBuildConfiguration;
			buildSettings = {
				ASSETCATALOG_COMPILER_APPICON_NAME = AppIcon;
				ASSETCATALOG_COMPILER_LAUNCHIMAGE_NAME = LaunchImage;
				CODE_SIGN_IDENTITY = "iPhone Developer";
				INFOPLIST_FILE = deeplinkTester/Info.plist;
				LD_RUNPATH_SEARCH_PATHS = "$(inherited) @executable_path/Frameworks";
				PRODUCT_NAME = "$(TARGET_NAME)";
			};
			name = Release;
		};
/* End XCBuildConfiguration section */

/* Begin XCConfigurationList section */
		CAE027D6196D9A6E004335A7 /* Build configuration list for PBXProject "deeplinkTester" */ = {
			isa = XCConfigurationList;
			buildConfigurations = (
				CAE027F5196D9A6E004335A7 /* Debug */,
				CAE027F6196D9A6E004335A7 /* Release */,
			);
			defaultConfigurationIsVisible = 0;
			defaultConfigurationName = Release;
		};
		CAE027F7196D9A6E004335A7 /* Build configuration list for PBXNativeTarget "deeplinkTester" */ = {
			isa = XCConfigurationList;
			buildConfigurations = (
				CAE027F8196D9A6E004335A7 /* Debug */,
				CAE027F9196D9A6E004335A7 /* Release */,
			);
			defaultConfigurationIsVisible = 0;
			defaultConfigurationName = Release;
		};
/* End XCConfigurationList section */
	};
	rootObject = CAE027D3196D9A6E004335A7 /* Project object */;
}
